{
  "name": "Node",
  "lockfileVersion": 3,
  "requires": true,
  "packages": {
    "": {
      "dependencies": {
        "form": "^0.2.5"
      }
    },
    "node_modules/async": {
      "version": "3.2.6",
      "resolved": "https://registry.npmjs.org/async/-/async-3.2.6.tgz",
      "integrity": "sha512-htCUDlxyyCLMgaM3xXg0C0LW2xqfuQ6p05pCEIsXuyQ+a1koYKTuBMzRNwmybfLgvJDMd0r1LTn4+E0Ti6C2AA==",
      "license": "MIT"
    },
    "node_modules/form": {
      "version": "0.2.5",
      "resolved": "https://registry.npmjs.org/form/-/form-0.2.5.tgz",
      "integrity": "sha512-0UweRvfZfGSKDNREb1J++S0D4oTdcSHYWhT5ipZiqJE/bcay+tP+gzWAL1esgz7aEqeZVAAaPtrfCAdlU9lqgw==",
      "dependencies": {
        "async": ">= 0.1.22",
        "validator": ">= 0.4.9"
      },
      "engines": {
        "node": ">= 0.2.2"
      }
    },
    "node_modules/validator": {
      "version": "13.15.20",
      "resolved": "https://registry.npmjs.org/validator/-/validator-13.15.20.tgz",
      "integrity": "sha512-KxPOq3V2LmfQPP4eqf3Mq/zrT0Dqp2Vmx2Bn285LwVahLc+CsxOM0crBHczm8ijlcjZ0Q5Xd6LW3z3odTPnlrw==",
      "license": "MIT",
      "engines": {
        "node": ">= 0.10"
      }
    }
  }
}
